[[package]]
category = "dev"
description = "Atomic file writes."
marker = "sys_platform == \"win32\""
name = "atomicwrites"
optional = false
python-versions = ">=2.7, !=3.0.*, !=3.1.*, !=3.2.*, !=3.3.*"
version = "1.4.0"

[[package]]
category = "dev"
description = "Classes Without Boilerplate"
name = "attrs"
optional = false
python-versions = ">=2.7, !=3.0.*, !=3.1.*, !=3.2.*, !=3.3.*"
version = "19.3.0"

[package.extras]
azure-pipelines = ["coverage", "hypothesis", "pympler", "pytest (>=4.3.0)", "six", "zope.interface", "pytest-azurepipelines"]
dev = ["coverage", "hypothesis", "pympler", "pytest (>=4.3.0)", "six", "zope.interface", "sphinx", "pre-commit"]
docs = ["sphinx", "zope.interface"]
tests = ["coverage", "hypothesis", "pympler", "pytest (>=4.3.0)", "six", "zope.interface"]

[[package]]
category = "dev"
description = "Cross-platform colored terminal text."
marker = "sys_platform == \"win32\""
name = "colorama"
optional = false
python-versions = ">=2.7, !=3.0.*, !=3.1.*, !=3.2.*, !=3.3.*, !=3.4.*"
version = "0.4.3"

[[package]]
category = "dev"
description = "Code coverage measurement for Python"
name = "coverage"
optional = false
python-versions = "*"
version = "4.4.2"

[[package]]
category = "dev"
description = "An implementation of lxml.xmlfile for the standard library"
name = "et-xmlfile"
optional = false
python-versions = "*"
version = "1.0.1"

[[package]]
category = "dev"
description = "Read metadata from Python packages"
marker = "python_version < \"3.8\""
name = "importlib-metadata"
optional = false
python-versions = "!=3.0.*,!=3.1.*,!=3.2.*,!=3.3.*,!=3.4.*,>=2.7"
version = "1.6.0"

[package.dependencies]
zipp = ">=0.5"

[package.extras]
docs = ["sphinx", "rst.linker"]
testing = ["packaging", "importlib-resources"]

[[package]]
category = "dev"
description = "Julian dates from proleptic Gregorian and Julian calendars."
name = "jdcal"
optional = false
python-versions = "*"
version = "1.4.1"

[[package]]
category = "dev"
description = "More routines for operating on iterables, beyond itertools"
name = "more-itertools"
optional = false
python-versions = ">=3.5"
version = "8.2.0"

[[package]]
category = "main"
description = "A network address manipulation library for Python"
name = "netaddr"
optional = false
python-versions = "*"
version = "0.7.19"

[[package]]
category = "dev"
description = "NumPy is the fundamental package for array computing with Python."
name = "numpy"
optional = false
python-versions = ">=3.5"
version = "1.18.4"

[[package]]
category = "dev"
description = "A Python library to read/write Excel 2010 xlsx/xlsm files"
name = "openpyxl"
optional = false
python-versions = ">=3.6,"
version = "3.0.3"

[package.dependencies]
et_xmlfile = "*"
jdcal = "*"

[[package]]
category = "dev"
description = "Core utilities for Python packages"
name = "packaging"
optional = false
python-versions = ">=2.7, !=3.0.*, !=3.1.*, !=3.2.*, !=3.3.*"
version = "20.3"

[package.dependencies]
pyparsing = ">=2.0.2"
six = "*"

[[package]]
category = "main"
description = "Multi-tool set for Palo Alto Networks PAN-OS, Panorama, WildFire and AutoFocus"
name = "pan-python"
optional = false
python-versions = "*"
version = "0.16.0"

[[package]]
category = "dev"
description = "Powerful data structures for data analysis, time series, and statistics"
name = "pandas"
optional = false
python-versions = ">=3.6.1"
version = "1.0.3"

[package.dependencies]
numpy = ">=1.13.3"
python-dateutil = ">=2.6.1"
pytz = ">=2017.2"

[package.extras]
test = ["pytest (>=4.0.2)", "pytest-xdist", "hypothesis (>=3.58)"]

[[package]]
category = "dev"
description = "plugin and hook calling mechanisms for python"
name = "pluggy"
optional = false
python-versions = ">=2.7, !=3.0.*, !=3.1.*, !=3.2.*, !=3.3.*"
version = "0.13.1"

[package.dependencies]
[package.dependencies.importlib-metadata]
python = "<3.8"
version = ">=0.12"

[package.extras]
dev = ["pre-commit", "tox"]

[[package]]
category = "dev"
description = "library with cross-python path, ini-parsing, io, code, log facilities"
name = "py"
optional = false
python-versions = ">=2.7, !=3.0.*, !=3.1.*, !=3.2.*, !=3.3.*"
version = "1.8.1"

[[package]]
category = "dev"
description = "Python parsing module"
name = "pyparsing"
optional = false
python-versions = ">=2.6, !=3.0.*, !=3.1.*, !=3.2.*"
version = "2.4.7"

[[package]]
category = "dev"
description = "pytest: simple powerful testing with Python"
name = "pytest"
optional = false
python-versions = ">=3.5"
version = "5.4.1"

[package.dependencies]
atomicwrites = ">=1.0"
attrs = ">=17.4.0"
colorama = "*"
more-itertools = ">=4.0.0"
packaging = "*"
pluggy = ">=0.12,<1.0"
py = ">=1.5.0"
wcwidth = "*"

[package.dependencies.importlib-metadata]
python = "<3.8"
version = ">=0.12"

[package.extras]
checkqa-mypy = ["mypy (v0.761)"]
testing = ["argcomplete", "hypothesis (>=3.56)", "mock", "nose", "requests", "xmlschema"]

[[package]]
category = "dev"
description = "Pytest plugin for measuring coverage."
name = "pytest-cov"
optional = false
python-versions = ">=2.7, !=3.0.*, !=3.1.*, !=3.2.*, !=3.3.*"
version = "2.8.1"

[package.dependencies]
coverage = ">=4.4"
pytest = ">=3.6"

[package.extras]
testing = ["fields", "hunter", "process-tests (2.0.2)", "six", "virtualenv"]

[[package]]
category = "dev"
description = "Extensions to the standard Python datetime module"
name = "python-dateutil"
optional = false
python-versions = "!=3.0.*,!=3.1.*,!=3.2.*,>=2.7"
version = "2.8.1"

[package.dependencies]
six = ">=1.5"

[[package]]
category = "dev"
description = "World timezone definitions, modern and historical"
name = "pytz"
optional = false
python-versions = "*"
version = "2020.1"

[[package]]
category = "main"
description = "YAML parser and emitter for Python"
name = "pyyaml"
optional = false
python-versions = ">=2.7, !=3.0.*, !=3.1.*, !=3.2.*, !=3.3.*, !=3.4.*"
version = "5.3.1"

[[package]]
category = "dev"
description = "Python 2 and 3 compatibility utilities"
name = "six"
optional = false
python-versions = ">=2.7, !=3.0.*, !=3.1.*, !=3.2.*"
version = "1.14.0"

[[package]]
category = "main"
description = "Format agnostic tabular data library (XLS, JSON, YAML, CSV)"
name = "tablib"
optional = false
python-versions = ">=3.5"
version = "1.1.0"

[package.extras]
all = ["markuppy", "odfpy", "openpyxl (>=2.4.0)", "pandas", "pyyaml", "tabulate", "xlrd", "xlwt"]
cli = ["tabulate"]
html = ["markuppy"]
ods = ["odfpy"]
pandas = ["pandas"]
xls = ["xlrd", "xlwt"]
xlsx = ["openpyxl (>=2.4.0)"]
yaml = ["pyyaml"]

[[package]]
category = "dev"
description = "Measures number of Terminal column cells of wide-character codes"
name = "wcwidth"
optional = false
python-versions = "*"
version = "0.1.9"

[[package]]
category = "main"
description = "Library for developers to extract data from Microsoft Excel (tm) spreadsheet files"
name = "xlrd"
optional = false
python-versions = ">=2.7, !=3.0.*, !=3.1.*, !=3.2.*, !=3.3.*"
version = "1.2.0"

[[package]]
category = "main"
description = "A Python module for creating Excel XLSX files."
name = "xlsxwriter"
optional = false
python-versions = "*"
version = "1.2.8"

[[package]]
category = "main"
description = "Makes working with XML feel like you are working with JSON"
name = "xmltodict"
optional = false
python-versions = ">=2.7, !=3.0.*, !=3.1.*, !=3.2.*, !=3.3.*"
version = "0.12.0"

[[package]]
category = "dev"
description = "Backport of pathlib-compatible object wrapper for zip files"
marker = "python_version < \"3.8\""
name = "zipp"
optional = false
python-versions = ">=3.6"
version = "3.1.0"

[package.extras]
docs = ["sphinx", "jaraco.packaging (>=3.2)", "rst.linker (>=1.9)"]
testing = ["jaraco.itertools", "func-timeout"]

[metadata]
content-hash = "cf14ec44b53fa6c94cd4fb9f6f068865ee4be74c1668e4dc2e4d66b5b5062945"
python-versions = ">=3.6.1"

[metadata.files]
atomicwrites = [
    {file = "atomicwrites-1.4.0-py2.py3-none-any.whl", hash = "sha256:6d1784dea7c0c8d4a5172b6c620f40b6e4cbfdf96d783691f2e1302a7b88e197"},
    {file = "atomicwrites-1.4.0.tar.gz", hash = "sha256:ae70396ad1a434f9c7046fd2dd196fc04b12f9e91ffb859164193be8b6168a7a"},
]
attrs = [
    {file = "attrs-19.3.0-py2.py3-none-any.whl", hash = "sha256:08a96c641c3a74e44eb59afb61a24f2cb9f4d7188748e76ba4bb5edfa3cb7d1c"},
    {file = "attrs-19.3.0.tar.gz", hash = "sha256:f7b7ce16570fe9965acd6d30101a28f62fb4a7f9e926b3bbc9b61f8b04247e72"},
]
colorama = [
    {file = "colorama-0.4.3-py2.py3-none-any.whl", hash = "sha256:7d73d2a99753107a36ac6b455ee49046802e59d9d076ef8e47b61499fa29afff"},
    {file = "colorama-0.4.3.tar.gz", hash = "sha256:e96da0d330793e2cb9485e9ddfd918d456036c7149416295932478192f4436a1"},
]
coverage = [
    {file = "coverage-4.4.2-cp26-cp26m-macosx_10_10_x86_64.whl", hash = "sha256:d1ee76f560c3c3e8faada866a07a32485445e16ed2206ac8378bd90dadffb9f0"},
    {file = "coverage-4.4.2-cp26-cp26m-manylinux1_i686.whl", hash = "sha256:007eeef7e23f9473622f7d94a3e029a45d55a92a1f083f0f3512f5ab9a669b05"},
    {file = "coverage-4.4.2-cp26-cp26m-manylinux1_x86_64.whl", hash = "sha256:17307429935f96c986a1b1674f78079528833410750321d22b5fb35d1883828e"},
    {file = "coverage-4.4.2-cp26-cp26mu-manylinux1_i686.whl", hash = "sha256:845fddf89dca1e94abe168760a38271abfc2e31863fbb4ada7f9a99337d7c3dc"},
    {file = "coverage-4.4.2-cp26-cp26mu-manylinux1_x86_64.whl", hash = "sha256:3f4d0b3403d3e110d2588c275540649b1841725f5a11a7162620224155d00ba2"},
    {file = "coverage-4.4.2-cp27-cp27m-macosx_10_12_intel.whl", hash = "sha256:4c4f368ffe1c2e7602359c2c50233269f3abe1c48ca6b288dcd0fb1d1c679733"},
    {file = "coverage-4.4.2-cp27-cp27m-macosx_10_12_x86_64.whl", hash = "sha256:f8c55dd0f56d3d618dfacf129e010cbe5d5f94b6951c1b2f13ab1a2f79c284da"},
    {file = "coverage-4.4.2-cp27-cp27m-manylinux1_i686.whl", hash = "sha256:cdd92dd9471e624cd1d8c1a2703d25f114b59b736b0f1f659a98414e535ffb3d"},
    {file = "coverage-4.4.2-cp27-cp27m-manylinux1_x86_64.whl", hash = "sha256:2ad357d12971e77360034c1596011a03f50c0f9e1ecd12e081342b8d1aee2236"},
    {file = "coverage-4.4.2-cp27-cp27m-win32.whl", hash = "sha256:700d7579995044dc724847560b78ac786f0ca292867447afda7727a6fbaa082e"},
    {file = "coverage-4.4.2-cp27-cp27m-win_amd64.whl", hash = "sha256:66f393e10dd866be267deb3feca39babba08ae13763e0fc7a1063cbe1f8e49f6"},
    {file = "coverage-4.4.2-cp27-cp27mu-manylinux1_i686.whl", hash = "sha256:e9a0e1caed2a52f15c96507ab78a48f346c05681a49c5b003172f8073da6aa6b"},
    {file = "coverage-4.4.2-cp27-cp27mu-manylinux1_x86_64.whl", hash = "sha256:eea9135432428d3ca7ee9be86af27cb8e56243f73764a9b6c3e0bda1394916be"},
    {file = "coverage-4.4.2-cp33-cp33m-macosx_10_10_x86_64.whl", hash = "sha256:5ff16548492e8a12e65ff3d55857ccd818584ed587a6c2898a9ebbe09a880674"},
    {file = "coverage-4.4.2-cp33-cp33m-manylinux1_i686.whl", hash = "sha256:d00e29b78ff610d300b2c37049a41234d48ea4f2d2581759ebcf67caaf731c31"},
    {file = "coverage-4.4.2-cp33-cp33m-manylinux1_x86_64.whl", hash = "sha256:87d942863fe74b1c3be83a045996addf1639218c2cb89c5da18c06c0fe3917ea"},
    {file = "coverage-4.4.2-cp34-cp34m-macosx_10_10_x86_64.whl", hash = "sha256:358d635b1fc22a425444d52f26287ae5aea9e96e254ff3c59c407426f44574f4"},
    {file = "coverage-4.4.2-cp34-cp34m-manylinux1_i686.whl", hash = "sha256:81912cfe276e0069dca99e1e4e6be7b06b5fc8342641c6b472cb2fed7de7ae18"},
    {file = "coverage-4.4.2-cp34-cp34m-manylinux1_x86_64.whl", hash = "sha256:079248312838c4c8f3494934ab7382a42d42d5f365f0cf7516f938dbb3f53f3f"},
    {file = "coverage-4.4.2-cp34-cp34m-win32.whl", hash = "sha256:b0059630ca5c6b297690a6bf57bf2fdac1395c24b7935fd73ee64190276b743b"},
    {file = "coverage-4.4.2-cp34-cp34m-win_amd64.whl", hash = "sha256:493082f104b5ca920e97a485913de254cbe351900deed72d4264571c73464cd0"},
    {file = "coverage-4.4.2-cp35-cp35m-macosx_10_10_x86_64.whl", hash = "sha256:e3ba9b14607c23623cf38f90b23f5bed4a3be87cbfa96e2e9f4eabb975d1e98b"},
    {file = "coverage-4.4.2-cp35-cp35m-manylinux1_i686.whl", hash = "sha256:82cbd3317320aa63c65555aa4894bf33a13fb3a77f079059eb5935eea415938d"},
    {file = "coverage-4.4.2-cp35-cp35m-manylinux1_x86_64.whl", hash = "sha256:9721f1b7275d3112dc7ccf63f0553c769f09b5c25a26ee45872c7f5c09edf6c1"},
    {file = "coverage-4.4.2-cp35-cp35m-win32.whl", hash = "sha256:bd4800e32b4c8d99c3a2c943f1ac430cbf80658d884123d19639bcde90dad44a"},
    {file = "coverage-4.4.2-cp35-cp35m-win_amd64.whl", hash = "sha256:f29841e865590af72c4b90d7b5b8e93fd560f5dea436c1d5ee8053788f9285de"},
    {file = "coverage-4.4.2-cp36-cp36m-macosx_10_12_x86_64.whl", hash = "sha256:f3a5c6d054c531536a83521c00e5d4004f1e126e2e2556ce399bef4180fbe540"},
    {file = "coverage-4.4.2-cp36-cp36m-manylinux1_i686.whl", hash = "sha256:dd707a21332615108b736ef0b8513d3edaf12d2a7d5fc26cd04a169a8ae9b526"},
    {file = "coverage-4.4.2-cp36-cp36m-manylinux1_x86_64.whl", hash = "sha256:2e1a5c6adebb93c3b175103c2f855eda957283c10cf937d791d81bef8872d6ca"},
    {file = "coverage-4.4.2-cp36-cp36m-win32.whl", hash = "sha256:f87f522bde5540d8a4b11df80058281ac38c44b13ce29ced1e294963dd51a8f8"},
    {file = "coverage-4.4.2-cp36-cp36m-win_amd64.whl", hash = "sha256:a7cfaebd8f24c2b537fa6a271229b051cdac9c1734bb6f939ccfc7c055689baa"},
    {file = "coverage-4.4.2.tar.gz", hash = "sha256:309d91bd7a35063ec7a0e4d75645488bfab3f0b66373e7722f23da7f5b0f34cc"},
    {file = "coverage-4.4.2.win-amd64-py2.7.exe", hash = "sha256:b6cebae1502ce5b87d7c6f532fa90ab345cfbda62b95aeea4e431e164d498a3d"},
    {file = "coverage-4.4.2.win-amd64-py3.4.exe", hash = "sha256:a4497faa4f1c0fc365ba05eaecfb6b5d24e3c8c72e95938f9524e29dadb15e76"},
    {file = "coverage-4.4.2.win-amd64-py3.5.exe", hash = "sha256:2b4d7f03a8a6632598cbc5df15bbca9f778c43db7cf1a838f4fa2c8599a8691a"},
    {file = "coverage-4.4.2.win-amd64-py3.6.exe", hash = "sha256:1afccd7e27cac1b9617be8c769f6d8a6d363699c9b86820f40c74cfb3328921c"},
    {file = "coverage-4.4.2.win32-py2.7.exe", hash = "sha256:0388c12539372bb92d6dde68b4627f0300d948965bbb7fc104924d715fdc0965"},
    {file = "coverage-4.4.2.win32-py3.4.exe", hash = "sha256:ab3508df9a92c1d3362343d235420d08e2662969b83134f8a97dc1451cbe5e84"},
    {file = "coverage-4.4.2.win32-py3.5.exe", hash = "sha256:43a155eb76025c61fc20c3d03b89ca28efa6f5be572ab6110b2fb68eda96bfea"},
    {file = "coverage-4.4.2.win32-py3.6.exe", hash = "sha256:f98b461cb59f117887aa634a66022c0bd394278245ed51189f63a036516e32de"},
]
et-xmlfile = [
    {file = "et_xmlfile-1.0.1.tar.gz", hash = "sha256:614d9722d572f6246302c4491846d2c393c199cfa4edc9af593437691683335b"},
]
importlib-metadata = [
    {file = "importlib_metadata-1.6.0-py2.py3-none-any.whl", hash = "sha256:2a688cbaa90e0cc587f1df48bdc97a6eadccdcd9c35fb3f976a09e3b5016d90f"},
    {file = "importlib_metadata-1.6.0.tar.gz", hash = "sha256:34513a8a0c4962bc66d35b359558fd8a5e10cd472d37aec5f66858addef32c1e"},
]
jdcal = [
    {file = "jdcal-1.4.1-py2.py3-none-any.whl", hash = "sha256:1abf1305fce18b4e8aa248cf8fe0c56ce2032392bc64bbd61b5dff2a19ec8bba"},
    {file = "jdcal-1.4.1.tar.gz", hash = "sha256:472872e096eb8df219c23f2689fc336668bdb43d194094b5cc1707e1640acfc8"},
]
more-itertools = [
    {file = "more-itertools-8.2.0.tar.gz", hash = "sha256:b1ddb932186d8a6ac451e1d95844b382f55e12686d51ca0c68b6f61f2ab7a507"},
    {file = "more_itertools-8.2.0-py3-none-any.whl", hash = "sha256:5dd8bcf33e5f9513ffa06d5ad33d78f31e1931ac9a18f33d37e77a180d393a7c"},
]
netaddr = [
    {file = "netaddr-0.7.19-py2.py3-none-any.whl", hash = "sha256:56b3558bd71f3f6999e4c52e349f38660e54a7a8a9943335f73dfc96883e08ca"},
    {file = "netaddr-0.7.19.tar.gz", hash = "sha256:38aeec7cdd035081d3a4c306394b19d677623bf76fa0913f6695127c7753aefd"},
]
numpy = [
    {file = "numpy-1.18.4-cp35-cp35m-macosx_10_9_intel.whl", hash = "sha256:efdba339fffb0e80fcc19524e4fdbda2e2b5772ea46720c44eaac28096d60720"},
    {file = "numpy-1.18.4-cp35-cp35m-manylinux1_i686.whl", hash = "sha256:2b573fcf6f9863ce746e4ad00ac18a948978bb3781cffa4305134d31801f3e26"},
    {file = "numpy-1.18.4-cp35-cp35m-manylinux1_x86_64.whl", hash = "sha256:3f0dae97e1126f529ebb66f3c63514a0f72a177b90d56e4bce8a0b5def34627a"},
    {file = "numpy-1.18.4-cp35-cp35m-win32.whl", hash = "sha256:dccd380d8e025c867ddcb2f84b439722cf1f23f3a319381eac45fd077dee7170"},
    {file = "numpy-1.18.4-cp35-cp35m-win_amd64.whl", hash = "sha256:02ec9582808c4e48be4e93cd629c855e644882faf704bc2bd6bbf58c08a2a897"},
    {file = "numpy-1.18.4-cp36-cp36m-macosx_10_9_x86_64.whl", hash = "sha256:904b513ab8fbcbdb062bed1ce2f794ab20208a1b01ce9bd90776c6c7e7257032"},
    {file = "numpy-1.18.4-cp36-cp36m-manylinux1_i686.whl", hash = "sha256:e22cd0f72fc931d6abc69dc7764484ee20c6a60b0d0fee9ce0426029b1c1bdae"},
    {file = "numpy-1.18.4-cp36-cp36m-manylinux1_x86_64.whl", hash = "sha256:2466fbcf23711ebc5daa61d28ced319a6159b260a18839993d871096d66b93f7"},
    {file = "numpy-1.18.4-cp36-cp36m-win32.whl", hash = "sha256:00d7b54c025601e28f468953d065b9b121ddca7fff30bed7be082d3656dd798d"},
    {file = "numpy-1.18.4-cp36-cp36m-win_amd64.whl", hash = "sha256:7d59f21e43bbfd9a10953a7e26b35b6849d888fc5a331fa84a2d9c37bd9fe2a2"},
    {file = "numpy-1.18.4-cp37-cp37m-macosx_10_9_x86_64.whl", hash = "sha256:efb7ac5572c9a57159cf92c508aad9f856f1cb8e8302d7fdb99061dbe52d712c"},
    {file = "numpy-1.18.4-cp37-cp37m-manylinux1_i686.whl", hash = "sha256:0e6f72f7bb08f2f350ed4408bb7acdc0daba637e73bce9f5ea2b207039f3af88"},
    {file = "numpy-1.18.4-cp37-cp37m-manylinux1_x86_64.whl", hash = "sha256:9933b81fecbe935e6a7dc89cbd2b99fea1bf362f2790daf9422a7bb1dc3c3085"},
    {file = "numpy-1.18.4-cp37-cp37m-win32.whl", hash = "sha256:96dd36f5cdde152fd6977d1bbc0f0561bccffecfde63cd397c8e6033eb66baba"},
    {file = "numpy-1.18.4-cp37-cp37m-win_amd64.whl", hash = "sha256:57aea170fb23b1fd54fa537359d90d383d9bf5937ee54ae8045a723caa5e0961"},
    {file = "numpy-1.18.4-cp38-cp38-macosx_10_9_x86_64.whl", hash = "sha256:ed722aefb0ebffd10b32e67f48e8ac4c5c4cf5d3a785024fdf0e9eb17529cd9d"},
    {file = "numpy-1.18.4-cp38-cp38-manylinux1_i686.whl", hash = "sha256:50fb72bcbc2cf11e066579cb53c4ca8ac0227abb512b6cbc1faa02d1595a2a5d"},
    {file = "numpy-1.18.4-cp38-cp38-manylinux1_x86_64.whl", hash = "sha256:709c2999b6bd36cdaf85cf888d8512da7433529f14a3689d6e37ab5242e7add5"},
    {file = "numpy-1.18.4-cp38-cp38-win32.whl", hash = "sha256:f22273dd6a403ed870207b853a856ff6327d5cbce7a835dfa0645b3fc00273ec"},
    {file = "numpy-1.18.4-cp38-cp38-win_amd64.whl", hash = "sha256:1be2e96314a66f5f1ce7764274327fd4fb9da58584eaff00b5a5221edefee7d6"},
    {file = "numpy-1.18.4.zip", hash = "sha256:bbcc85aaf4cd84ba057decaead058f43191cc0e30d6bc5d44fe336dc3d3f4509"},
]
openpyxl = [
    {file = "openpyxl-3.0.3.tar.gz", hash = "sha256:547a9fc6aafcf44abe358b89ed4438d077e9d92e4f182c87e2dc294186dc4b64"},
]
packaging = [
    {file = "packaging-20.3-py2.py3-none-any.whl", hash = "sha256:82f77b9bee21c1bafbf35a84905d604d5d1223801d639cf3ed140bd651c08752"},
    {file = "packaging-20.3.tar.gz", hash = "sha256:3c292b474fda1671ec57d46d739d072bfd495a4f51ad01a055121d81e952b7a3"},
]
pan-python = [
    {file = "pan-python-0.16.0.tar.gz", hash = "sha256:538bd6cbfb64478bce4cea9ba5c4b2d3edfd533c32d0fe740106ec145bc5a35c"},
    {file = "pan_python-0.16.0-py2.py3-none-any.whl", hash = "sha256:8955111ca1ad3cc7d82250a83505f6d094dcceb880f996d2005541c9d7be0942"},
]
pandas = [
    {file = "pandas-1.0.3-cp36-cp36m-macosx_10_9_x86_64.whl", hash = "sha256:d234bcf669e8b4d6cbcd99e3ce7a8918414520aeb113e2a81aeb02d0a533d7f7"},
    {file = "pandas-1.0.3-cp36-cp36m-manylinux1_i686.whl", hash = "sha256:ca84a44cf727f211752e91eab2d1c6c1ab0f0540d5636a8382a3af428542826e"},
    {file = "pandas-1.0.3-cp36-cp36m-manylinux1_x86_64.whl", hash = "sha256:1fa4bae1a6784aa550a1c9e168422798104a85bf9c77a1063ea77ee6f8452e3a"},
    {file = "pandas-1.0.3-cp36-cp36m-win32.whl", hash = "sha256:863c3e4b7ae550749a0bb77fa22e601a36df9d2905afef34a6965bed092ba9e5"},
    {file = "pandas-1.0.3-cp36-cp36m-win_amd64.whl", hash = "sha256:a210c91a02ec5ff05617a298ad6f137b9f6f5771bf31f2d6b6367d7f71486639"},
    {file = "pandas-1.0.3-cp37-cp37m-macosx_10_9_x86_64.whl", hash = "sha256:11c7cb654cd3a0e9c54d81761b5920cdc86b373510d829461d8f2ed6d5905266"},
    {file = "pandas-1.0.3-cp37-cp37m-manylinux1_i686.whl", hash = "sha256:6597df07ea361231e60c00692d8a8099b519ed741c04e65821e632bc9ccb924c"},
    {file = "pandas-1.0.3-cp37-cp37m-manylinux1_x86_64.whl", hash = "sha256:743bba36e99d4440403beb45a6f4f3a667c090c00394c176092b0b910666189b"},
    {file = "pandas-1.0.3-cp37-cp37m-win32.whl", hash = "sha256:07c1b58936b80eafdfe694ce964ac21567b80a48d972879a359b3ebb2ea76835"},
    {file = "pandas-1.0.3-cp37-cp37m-win_amd64.whl", hash = "sha256:12f492dd840e9db1688126216706aa2d1fcd3f4df68a195f9479272d50054645"},
    {file = "pandas-1.0.3-cp38-cp38-macosx_10_9_x86_64.whl", hash = "sha256:0ebe327fb088df4d06145227a4aa0998e4f80a9e6aed4b61c1f303bdfdf7c722"},
    {file = "pandas-1.0.3-cp38-cp38-manylinux1_i686.whl", hash = "sha256:858a0d890d957ae62338624e4aeaf1de436dba2c2c0772570a686eaca8b4fc85"},
    {file = "pandas-1.0.3-cp38-cp38-manylinux1_x86_64.whl", hash = "sha256:387dc7b3c0424327fe3218f81e05fc27832772a5dffbed385013161be58df90b"},
    {file = "pandas-1.0.3-cp38-cp38-win32.whl", hash = "sha256:167a1315367cea6ec6a5e11e791d9604f8e03f95b57ad227409de35cf850c9c5"},
    {file = "pandas-1.0.3-cp38-cp38-win_amd64.whl", hash = "sha256:1a7c56f1df8d5ad8571fa251b864231f26b47b59cbe41aa5c0983d17dbb7a8e4"},
    {file = "pandas-1.0.3.tar.gz", hash = "sha256:32f42e322fb903d0e189a4c10b75ba70d90958cc4f66a1781ed027f1a1d14586"},
]
pluggy = [
    {file = "pluggy-0.13.1-py2.py3-none-any.whl", hash = "sha256:966c145cd83c96502c3c3868f50408687b38434af77734af1e9ca461a4081d2d"},
    {file = "pluggy-0.13.1.tar.gz", hash = "sha256:15b2acde666561e1298d71b523007ed7364de07029219b604cf808bfa1c765b0"},
]
py = [
    {file = "py-1.8.1-py2.py3-none-any.whl", hash = "sha256:c20fdd83a5dbc0af9efd622bee9a5564e278f6380fffcacc43ba6f43db2813b0"},
    {file = "py-1.8.1.tar.gz", hash = "sha256:5e27081401262157467ad6e7f851b7aa402c5852dbcb3dae06768434de5752aa"},
]
pyparsing = [
    {file = "pyparsing-2.4.7-py2.py3-none-any.whl", hash = "sha256:ef9d7589ef3c200abe66653d3f1ab1033c3c419ae9b9bdb1240a85b024efc88b"},
    {file = "pyparsing-2.4.7.tar.gz", hash = "sha256:c203ec8783bf771a155b207279b9bccb8dea02d8f0c9e5f8ead507bc3246ecc1"},
]
pytest = [
    {file = "pytest-5.4.1-py3-none-any.whl", hash = "sha256:0e5b30f5cb04e887b91b1ee519fa3d89049595f428c1db76e73bd7f17b09b172"},
    {file = "pytest-5.4.1.tar.gz", hash = "sha256:84dde37075b8805f3d1f392cc47e38a0e59518fb46a431cfdaf7cf1ce805f970"},
]
pytest-cov = [
    {file = "pytest-cov-2.8.1.tar.gz", hash = "sha256:cc6742d8bac45070217169f5f72ceee1e0e55b0221f54bcf24845972d3a47f2b"},
    {file = "pytest_cov-2.8.1-py2.py3-none-any.whl", hash = "sha256:cdbdef4f870408ebdbfeb44e63e07eb18bb4619fae852f6e760645fa36172626"},
]
python-dateutil = [
    {file = "python-dateutil-2.8.1.tar.gz", hash = "sha256:73ebfe9dbf22e832286dafa60473e4cd239f8592f699aa5adaf10050e6e1823c"},
    {file = "python_dateutil-2.8.1-py2.py3-none-any.whl", hash = "sha256:75bb3f31ea686f1197762692a9ee6a7550b59fc6ca3a1f4b5d7e32fb98e2da2a"},
]
pytz = [
    {file = "pytz-2020.1-py2.py3-none-any.whl", hash = "sha256:a494d53b6d39c3c6e44c3bec237336e14305e4f29bbf800b599253057fbb79ed"},
    {file = "pytz-2020.1.tar.gz", hash = "sha256:c35965d010ce31b23eeb663ed3cc8c906275d6be1a34393a1d73a41febf4a048"},
]
pyyaml = [
    {file = "PyYAML-5.3.1-cp27-cp27m-win32.whl", hash = "sha256:74809a57b329d6cc0fdccee6318f44b9b8649961fa73144a98735b0aaf029f1f"},
    {file = "PyYAML-5.3.1-cp27-cp27m-win_amd64.whl", hash = "sha256:240097ff019d7c70a4922b6869d8a86407758333f02203e0fc6ff79c5dcede76"},
    {file = "PyYAML-5.3.1-cp35-cp35m-win32.whl", hash = "sha256:4f4b913ca1a7319b33cfb1369e91e50354d6f07a135f3b901aca02aa95940bd2"},
    {file = "PyYAML-5.3.1-cp35-cp35m-win_amd64.whl", hash = "sha256:cc8955cfbfc7a115fa81d85284ee61147059a753344bc51098f3ccd69b0d7e0c"},
    {file = "PyYAML-5.3.1-cp36-cp36m-win32.whl", hash = "sha256:7739fc0fa8205b3ee8808aea45e968bc90082c10aef6ea95e855e10abf4a37b2"},
    {file = "PyYAML-5.3.1-cp36-cp36m-win_amd64.whl", hash = "sha256:69f00dca373f240f842b2931fb2c7e14ddbacd1397d57157a9b005a6a9942648"},
    {file = "PyYAML-5.3.1-cp37-cp37m-win32.whl", hash = "sha256:d13155f591e6fcc1ec3b30685d50bf0711574e2c0dfffd7644babf8b5102ca1a"},
    {file = "PyYAML-5.3.1-cp37-cp37m-win_amd64.whl", hash = "sha256:73f099454b799e05e5ab51423c7bcf361c58d3206fa7b0d555426b1f4d9a3eaf"},
    {file = "PyYAML-5.3.1-cp38-cp38-win32.whl", hash = "sha256:06a0d7ba600ce0b2d2fe2e78453a470b5a6e000a985dd4a4e54e436cc36b0e97"},
    {file = "PyYAML-5.3.1-cp38-cp38-win_amd64.whl", hash = "sha256:95f71d2af0ff4227885f7a6605c37fd53d3a106fcab511b8860ecca9fcf400ee"},
    {file = "PyYAML-5.3.1.tar.gz", hash = "sha256:b8eac752c5e14d3eca0e6dd9199cd627518cb5ec06add0de9d32baeee6fe645d"},
]
six = [
    {file = "six-1.14.0-py2.py3-none-any.whl", hash = "sha256:8f3cd2e254d8f793e7f3d6d9df77b92252b52637291d0f0da013c76ea2724b6c"},
    {file = "six-1.14.0.tar.gz", hash = "sha256:236bdbdce46e6e6a3d61a337c0f8b763ca1e8717c03b369e87a7ec7ce1319c0a"},
]
tablib = [
    {file = "tablib-1.1.0-py3-none-any.whl", hash = "sha256:80f6c3453431cedf1125f23d16b3d96b92b426495714ebf0b4dede1fa75b447d"},
    {file = "tablib-1.1.0.tar.gz", hash = "sha256:4d1909aa3ff1c85ba97ad16176c0aeec33c8e894dc7ea6f10f2dd44701e99ba7"},
]
wcwidth = [
    {file = "wcwidth-0.1.9-py2.py3-none-any.whl", hash = "sha256:cafe2186b3c009a04067022ce1dcd79cb38d8d65ee4f4791b8888d6599d1bbe1"},
    {file = "wcwidth-0.1.9.tar.gz", hash = "sha256:ee73862862a156bf77ff92b09034fc4825dd3af9cf81bc5b360668d425f3c5f1"},
]
xlrd = [
    {file = "xlrd-1.2.0-py2.py3-none-any.whl", hash = "sha256:e551fb498759fa3a5384a94ccd4c3c02eb7c00ea424426e212ac0c57be9dfbde"},
    {file = "xlrd-1.2.0.tar.gz", hash = "sha256:546eb36cee8db40c3eaa46c351e67ffee6eeb5fa2650b71bc4c758a29a1b29b2"},
]
xlsxwriter = [
    {file = "XlsxWriter-1.2.8-py2.py3-none-any.whl", hash = "sha256:97ab487b81534415c5313154203f3e8a637d792b1e6a8201e8f7f71da0203c2a"},
    {file = "XlsxWriter-1.2.8.tar.gz", hash = "sha256:488e1988ab16ff3a9cd58c7656d0a58f8abe46ee58b98eecea78c022db28656b"},
]
xmltodict = [
    {file = "xmltodict-0.12.0-py2.py3-none-any.whl", hash = "sha256:8bbcb45cc982f48b2ca8fe7e7827c5d792f217ecf1792626f808bf41c3b86051"},
    {file = "xmltodict-0.12.0.tar.gz", hash = "sha256:50d8c638ed7ecb88d90561beedbf720c9b4e851a9fa6c47ebd64e99d166d8a21"},
]
zipp = [
    {file = "zipp-3.1.0-py3-none-any.whl", hash = "sha256:aa36550ff0c0b7ef7fa639055d797116ee891440eac1a56f378e2d3179e0320b"},
    {file = "zipp-3.1.0.tar.gz", hash = "sha256:c599e4d75c98f6798c509911d08a22e6c021d074469042177c8c86fb92eefd96"},
]
